
Microsoft Visual Studio Solution File, Format Version 12.00
# Visual Studio 15
VisualStudioVersion = 15.0.26430.13
MinimumVisualStudioVersion = 10.0.40219.1
Project("{FAE04EC0-301F-11D3-BF4B-00C04F79EFBC}") = "HandsOnWebApp", "HandsOnWebApp\HandsOnWebApp.csproj", "{56E5826A-DE45-4CD5-9DC9-2C4E36B54241}"
EndProject
Project("{FAE04EC0-301F-11D3-BF4B-00C04F79EFBC}") = "HandsOnWebApp.Tests", "HandsOnWebApp.Tests\HandsOnWebApp.Tests.csproj", "{EC816A1B-024D-4BE9-8911-7E15CE0AC254}"
EndProject
Global
	GlobalSection(SolutionConfigurationPlatforms) = preSolution
		Debug|Any CPU = Debug|Any CPU
		Release|Any CPU = Release|Any CPU
	EndGlobalSection
	GlobalSection(ProjectConfigurationPlatforms) = postSolution
		{56E5826A-DE45-4CD5-9DC9-2C4E36B54241}.Debug|Any CPU.ActiveCfg = Debug|Any CPU
		{56E5826A-DE45-4CD5-9DC9-2C4E36B54241}.Debug|Any CPU.Build.0 = Debug|Any CPU
		{56E5826A-DE45-4CD5-9DC9-2C4E36B54241}.Release|Any CPU.ActiveCfg = Release|Any CPU
		{56E5826A-DE45-4CD5-9DC9-2C4E36B54241}.Release|Any CPU.Build.0 = Release|Any CPU
		{EC816A1B-024D-4BE9-8911-7E15CE0AC254}.Debug|Any CPU.ActiveCfg = Debug|Any CPU
		{EC816A1B-024D-4BE9-8911-7E15CE0AC254}.Debug|Any CPU.Build.0 = Debug|Any CPU
		{EC816A1B-024D-4BE9-8911-7E15CE0AC254}.Release|Any CPU.ActiveCfg = Release|Any CPU
		{EC816A1B-024D-4BE9-8911-7E15CE0AC254}.Release|Any CPU.Build.0 = Release|Any CPU
	EndGlobalSection
	GlobalSection(SolutionProperties) = preSolution
		HideSolutionNode = FALSE
	EndGlobalSection
EndGlobal
